{
  "name": "stock-dashboard",
  "version": "1.0.0",
  "description": "A Flask dashboard that tracks stocks and gives an AI-generated bull/bearish verdict on each one using a free OpenRouter model.",
  "scripts": {
    "build:css": "npx @tailwindcss/cli -i ./static/css/input.css -o ./static/css/output.css --minify",
    "watch:css": "npx @tailwindcss/cli -i ./static/css/input.css -o ./static/css/output.css --watch"
  },
  "keywords": [],
  "author": "",
  "license": "ISC",
  "devDependencies": {
    "tailwindcss": "^4.3.3",
    "@tailwindcss/cli": "^4.3.3"
  }
}
